
Microsoft Visual Studio Solution File, Format Version 12.00
# Visual Studio Version 17
VisualStudioVersion = 17.9.34728.123
MinimumVisualStudioVersion = 10.0.40219.1
Project("{FAE04EC0-301F-11D3-BF4B-00C04F79EFBC}") = "Ex03.GarageLogic", "GarageLogic\Ex03.GarageLogic.csproj", "{1D89D8F2-4CE3-4026-9DC7-F7109B973872}"
EndProject
Project("{FAE04EC0-301F-11D3-BF4B-00C04F79EFBC}") = "ConsoleUI", "ConsoleUI\ConsoleUI.csproj", "{20E7ECD8-FC26-4EDE-8121-E60DA55C3A1F}"
EndProject
Global
	GlobalSection(SolutionConfigurationPlatforms) = preSolution
		Debug|Any CPU = Debug|Any CPU
		Release|Any CPU = Release|Any CPU
	EndGlobalSection
	GlobalSection(ProjectConfigurationPlatforms) = postSolution
		{1D89D8F2-4CE3-4026-9DC7-F7109B973872}.Debug|Any CPU.ActiveCfg = Debug|Any CPU
		{1D89D8F2-4CE3-4026-9DC7-F7109B973872}.Debug|Any CPU.Build.0 = Debug|Any CPU
		{1D89D8F2-4CE3-4026-9DC7-F7109B973872}.Release|Any CPU.ActiveCfg = Release|Any CPU
		{1D89D8F2-4CE3-4026-9DC7-F7109B973872}.Release|Any CPU.Build.0 = Release|Any CPU
		{20E7ECD8-FC26-4EDE-8121-E60DA55C3A1F}.Debug|Any CPU.ActiveCfg = Debug|Any CPU
		{20E7ECD8-FC26-4EDE-8121-E60DA55C3A1F}.Debug|Any CPU.Build.0 = Debug|Any CPU
		{20E7ECD8-FC26-4EDE-8121-E60DA55C3A1F}.Release|Any CPU.ActiveCfg = Release|Any CPU
		{20E7ECD8-FC26-4EDE-8121-E60DA55C3A1F}.Release|Any CPU.Build.0 = Release|Any CPU
	EndGlobalSection
	GlobalSection(SolutionProperties) = preSolution
		HideSolutionNode = FALSE
	EndGlobalSection
	GlobalSection(ExtensibilityGlobals) = postSolution
		SolutionGuid = {440C1633-3358-4F97-9AA6-F7F894FE56EA}
	EndGlobalSection
EndGlobal
